{
  "name": "bookmark",
  "lockfileVersion": 2,
  "requires": true,
  "packages": {
    "": {
      "dependencies": {
        "page-metadata-parser": "^1.1.4"
      }
    },
    "node_modules/page-metadata-parser": {
      "version": "1.1.4",
      "resolved": "https://registry.npmjs.org/page-metadata-parser/-/page-metadata-parser-1.1.4.tgz",
      "integrity": "sha512-TbPNw7GddbHs4c2DyYinFvh51BVsaMfdrweeylzGlg8qeuzALGxq2NF+6jbmeKc7DnU2BZRDOuWNnEjDwUSqRQ=="
    }
  },
  "dependencies": {
    "page-metadata-parser": {
      "version": "1.1.4",
      "resolved": "https://registry.npmjs.org/page-metadata-parser/-/page-metadata-parser-1.1.4.tgz",
      "integrity": "sha512-TbPNw7GddbHs4c2DyYinFvh51BVsaMfdrweeylzGlg8qeuzALGxq2NF+6jbmeKc7DnU2BZRDOuWNnEjDwUSqRQ=="
    }
  }
}
